{
  "requires": true,
  "lockfileVersion": 1,
  "dependencies": {
    "@types/node": {
      "version": "10.12.0",
      "resolved": "https://registry.npmjs.org/@types/node/-/node-10.12.0.tgz",
      "integrity": "sha512-3TUHC3jsBAB7qVRGxT6lWyYo2v96BMmD2PTcl47H25Lu7UXtFH/2qqmKiVrnel6Ne//0TFYf6uvNX+HW2FRkLQ=="
    },
    "@types/socket.io": {
      "version": "1.4.38",
      "resolved": "https://registry.npmjs.org/@types/socket.io/-/socket.io-1.4.38.tgz",
      "integrity": "sha512-+f49CywK6w2RNDzcug7iUVZoC0262Wr6XrGg0yunW+wFBG8RXC8hiQm94HV1I3H0/8bEodGSjDOxd4i2yhFbwA==",
      "requires": {
        "@types/node": "10.12.0"
      }
    },
    "@types/socket.io-client": {
      "version": "1.4.32",
      "resolved": "https://registry.npmjs.org/@types/socket.io-client/-/socket.io-client-1.4.32.tgz",
      "integrity": "sha512-Vs55Kq8F+OWvy1RLA31rT+cAyemzgm0EWNeax6BWF8H7QiiOYMJIdcwSDdm5LVgfEkoepsWkS+40+WNb7BUMbg=="
    }
  }
}
